{
  "name": "agsi.br.component-example",
  "version": "0.0.0",
  "lockfileVersion": 1,
  "requires": true,
  "dependencies": {
    "agsi.br.component": {
      "version": "1.0.0",
      "resolved": "https://registry.npmjs.org/agsi.br.component/-/agsi.br.component-1.0.0.tgz",
      "integrity": "sha512-wP1pCGtR5SWk795dpQQO02j67ePSPftMOfWuHZmkAyECy9V7uvi22yK02XnXPh+23gejNbR7elv/mKH0L3yD9g=="
    }
  }
}
